{
  "name": "smsl_tv_ir_remote",
  "version": "1.0.0",
  "lockfileVersion": 1,
  "requires": true,
  "dependencies": {
    "async-mutex": {
      "version": "0.3.1",
      "resolved": "https://registry.npmjs.org/async-mutex/-/async-mutex-0.3.1.tgz",
      "integrity": "sha512-vRfQwcqBnJTLzVQo72Sf7KIUbcSUP5hNchx6udI1U6LuPQpfePgdjJzlCe76yFZ8pxlLjn9lwcl/Ya0TSOv0Tw==",
      "requires": {
        "tslib": "^2.1.0"
      }
    },
    "core-js": {
      "version": "3.8.3",
      "resolved": "https://registry.npmjs.org/core-js/-/core-js-3.8.3.tgz",
      "integrity": "sha512-KPYXeVZYemC2TkNEkX/01I+7yd+nX3KddKwZ1Ww7SKWdI2wQprSgLmrTddT8nw92AjEklTsPBoSdQBhbI1bQ6Q=="
    },
    "log-prefix": {
      "version": "0.1.1",
      "resolved": "https://registry.npmjs.org/log-prefix/-/log-prefix-0.1.1.tgz",
      "integrity": "sha512-aP1Lst8OCdZKATqzXDN0JBissNVZuiKLyo6hOXDBxaQ1jHDsaxh2J1i5Pp0zMy6ayTKDWfUlLMXyLaQe1PJ48g=="
    },
    "log-timestamp": {
      "version": "0.3.0",
      "resolved": "https://registry.npmjs.org/log-timestamp/-/log-timestamp-0.3.0.tgz",
      "integrity": "sha512-luRz6soxijd1aJh0GkLXFjKABihxthvTfWTzu3XhCgg5EivG2bsTpSd63QFbUgS+/KmFtL+0RfSpeaD2QvOV8Q==",
      "requires": {
        "log-prefix": "0.1.1"
      }
    },
    "node-persist": {
      "version": "3.1.0",
      "resolved": "https://registry.npmjs.org/node-persist/-/node-persist-3.1.0.tgz",
      "integrity": "sha512-/j+fd/u71wNgKf3V2bx4tnDm+3GvLnlCuvf2MXbJ3wern+67IAb6zN9Leu1tCWPlPNZ+v1hLSibVukkPK2HqJw=="
    },
    "promise-duplex": {
      "version": "6.0.0",
      "resolved": "https://registry.npmjs.org/promise-duplex/-/promise-duplex-6.0.0.tgz",
      "integrity": "sha512-ZL7rquzjTFzInDBeWYcsT+qddolNvzigahk6MI6qLSbQvlyRRCJkU3JztgaVunzvkH28smRa2Qu/cY9RXtSkgA==",
      "requires": {
        "core-js": "^3.6.5",
        "promise-readable": "^6.0.0",
        "promise-writable": "^6.0.0"
      }
    },
    "promise-readable": {
      "version": "6.0.0",
      "resolved": "https://registry.npmjs.org/promise-readable/-/promise-readable-6.0.0.tgz",
      "integrity": "sha512-5NxtmUswijvX5cAM0zPSy6yiCXH/eKBpiiBq6JfAUrmngMquMbzcBhF2qA+ocs4rYYKdvAfv3cOvZxADLtL1CA==",
      "requires": {
        "core-js": "^3.6.5"
      }
    },
    "promise-socket": {
      "version": "7.0.0",
      "resolved": "https://registry.npmjs.org/promise-socket/-/promise-socket-7.0.0.tgz",
      "integrity": "sha512-Oic9BrxmcHOPEnzKp2Js+ehFyvsbd0WxsE5khweCTHuRvdzbXjHUZmSDT6F9TW8SIkAJ0lCzoHjMYnb0WQJPiw==",
      "requires": {
        "promise-duplex": "^6.0.0",
        "tslib": "^2.0.1"
      }
    },
    "promise-writable": {
      "version": "6.0.0",
      "resolved": "https://registry.npmjs.org/promise-writable/-/promise-writable-6.0.0.tgz",
      "integrity": "sha512-b81zre/itgJFS7dwWzIdKNVVqvLiUxYRS/wolUB0H1YY/tAaS146XGKa4Q/5wCbsnXLyn0MCeV6f8HHe4iUHLg=="
    },
    "python-shell": {
      "version": "2.0.3",
      "resolved": "https://registry.npmjs.org/python-shell/-/python-shell-2.0.3.tgz",
      "integrity": "sha512-SBYQzXjexcxmmgzpjdIVxum9tj4Zaov1jNuSGMLssPxRhZ7lxqlpuEtLT0TEed0RAqhGfx2YFVC+imCJOmkVHg=="
    },
    "tslib": {
      "version": "2.1.0",
      "resolved": "https://registry.npmjs.org/tslib/-/tslib-2.1.0.tgz",
      "integrity": "sha512-hcVC3wYEziELGGmEEXue7D75zbwIIVUMWAVbHItGPx0ziyXxrOMQx4rQEVEV45Ut/1IotuEvwqPopzIOkDMf0A=="
    }
  }
}
